// !$*UTF8*$!
{
	archiveVersion = 1;
	classes = {
	};
	objectVersion = 46;
	objects = {

/* Begin PBXBuildFile section */
		8CFA0F231F6679B000391CFE /* AppDelegate.swift in Sources */ = {isa = PBXBuildFile; fileRef = 8CFA0F221F6679B000391CFE /* AppDelegate.swift */; };
		8CFA0F251F6679B000391CFE /* ViewController.swift in Sources */ = {isa = PBXBuildFile; fileRef = 8CFA0F241F6679B000391CFE /* ViewController.swift */; };
		8CFA0F281F6679B000391CFE /* Main.storyboard in Resources */ = {isa = PBXBuildFile; fileRef = 8CFA0F261F6679B000391CFE /* Main.storyboard */; };
		8CFA0F2A1F6679B000391CFE /* Assets.xcassets in Resources */ = {isa = PBXBuildFile; fileRef = 8CFA0F291F6679B000391CFE /* Assets.xcassets */; };
		8CFA0F2D1F6679B000391CFE /* LaunchScreen.storyboard in Resources */ = {isa = PBXBuildFile; fileRef = 8CFA0F2B1F6679B000391CFE /* LaunchScreen.storyboard */; };
		8CFA0F381F6679B000391CFE /* Number_SystemTests.swift in Sources */ = {isa = PBXBuildFile; fileRef = 8CFA0F371F6679B000391CFE /* Number_SystemTests.swift */; };
		8CFA0F431F6679B000391CFE /* Number_SystemUITests.swift in Sources */ = {isa = PBXBuildFile; fileRef = 8CFA0F421F6679B000391CFE /* Number_SystemUITests.swift */; };
		8CFA0F551F68295200391CFE /* ViewController3.swift in Sources */ = {isa = PBXBuildFile; fileRef = 8CFA0F541F68295200391CFE /* ViewController3.swift */; };
		8CFA0F571F682EE800391CFE /* ViewController4.swift in Sources */ = {isa = PBXBuildFile; fileRef = 8CFA0F561F682EE800391CFE /* ViewController4.swift */; };
		8CFA0F5F1F684D9500391CFE /* ViewController6.swift in Sources */ = {isa = PBXBuildFile; fileRef = 8CFA0F5E1F684D9500391CFE /* ViewController6.swift */; };
		8CFA0F651F69604A00391CFE /* ViewController2.swift in Sources */ = {isa = PBXBuildFile; fileRef = 8CFA0F641F69604A00391CFE /* ViewController2.swift */; };
		8CFA0F671F69A78B00391CFE /* ViewController5.swift in Sources */ = {isa = PBXBuildFile; fileRef = 8CFA0F661F69A78B00391CFE /* ViewController5.swift */; };
		8CFA0F691F6A834700391CFE /* ViewController8.swift in Sources */ = {isa = PBXBuildFile; fileRef = 8CFA0F681F6A834700391CFE /* ViewController8.swift */; };
		8CFA0F6B1F6D158400391CFE /* ViewController9.swift in Sources */ = {isa = PBXBuildFile; fileRef = 8CFA0F6A1F6D158300391CFE /* ViewController9.swift */; };
		8CFA0F6D1F6E788200391CFE /* ViewController10.swift in Sources */ = {isa = PBXBuildFile; fileRef = 8CFA0F6C1F6E788200391CFE /* ViewController10.swift */; };
		8CFA0F6F1F71336D00391CFE /* ViewController11.swift in Sources */ = {isa = PBXBuildFile; fileRef = 8CFA0F6E1F71336D00391CFE /* ViewController11.swift */; };
/* End PBXBuildFile section */

/* Begin PBXContainerItemProxy section */
		8CFA0F341F6679B000391CFE /* PBXContainerItemProxy */ = {
			isa = PBXContainerItemProxy;
			containerPortal = 8CFA0F171F6679B000391CFE /* Project object */;
			proxyType = 1;
			remoteGlobalIDString = 8CFA0F1E1F6679B000391CFE;
			remoteInfo = "Number System";
		};
		8CFA0F3F1F6679B000391CFE /* PBXContainerItemProxy */ = {
			isa = PBXContainerItemProxy;
			containerPortal = 8CFA0F171F6679B000391CFE /* Project object */;
			proxyType = 1;
			remoteGlobalIDString = 8CFA0F1E1F6679B000391CFE;
			remoteInfo = "Number System";
		};
/* End PBXContainerItemProxy section */

/* Begin PBXFileReference section */
		8CFA0F1F1F6679B000391CFE /* Number System.app */ = {isa = PBXFileReference; explicitFileType = wrapper.application; includeInIndex = 0; path = "Number System.app"; sourceTree = BUILT_PRODUCTS_DIR; };
		8CFA0F221F6679B000391CFE /* AppDelegate.swift */ = {isa = PBXFileReference; lastKnownFileType = sourcecode.swift; path = AppDelegate.swift; sourceTree = "<group>"; };
		8CFA0F241F6679B000391CFE /* ViewController.swift */ = {isa = PBXFileReference; lastKnownFileType = sourcecode.swift; path = ViewController.swift; sourceTree = "<group>"; };
		8CFA0F271F6679B000391CFE /* Base */ = {isa = PBXFileReference; lastKnownFileType = file.storyboard; name = Base; path = Base.lproj/Main.storyboard; sourceTree = "<group>"; };
		8CFA0F291F6679B000391CFE /* Assets.xcassets */ = {isa = PBXFileReference; lastKnownFileType = folder.assetcatalog; path = Assets.xcassets; sourceTree = "<group>"; };
		8CFA0F2C1F6679B000391CFE /* Base */ = {isa = PBXFileReference; lastKnownFileType = file.storyboard; name = Base; path = Base.lproj/LaunchScreen.storyboard; sourceTree = "<group>"; };
		8CFA0F2E1F6679B000391CFE /* Info.plist */ = {isa = PBXFileReference; lastKnownFileType = text.plist.xml; path = Info.plist; sourceTree = "<group>"; };
		8CFA0F331F6679B000391CFE /* Number SystemTests.xctest */ = {isa = PBXFileReference; explicitFileType = wrapper.cfbundle; includeInIndex = 0; path = "Number SystemTests.xctest"; sourceTree = BUILT_PRODUCTS_DIR; };
		8CFA0F371F6679B000391CFE /* Number_SystemTests.swift */ = {isa = PBXFileReference; lastKnownFileType = sourcecode.swift; path = Number_SystemTests.swift; sourceTree = "<group>"; };
		8CFA0F391F6679B000391CFE /* Info.plist */ = {isa = PBXFileReference; lastKnownFileType = text.plist.xml; path = Info.plist; sourceTree = "<group>"; };
		8CFA0F3E1F6679B000391CFE /* Number SystemUITests.xctest */ = {isa = PBXFileReference; explicitFileType = wrapper.cfbundle; includeInIndex = 0; path = "Number SystemUITests.xctest"; sourceTree = BUILT_PRODUCTS_DIR; };
		8CFA0F421F6679B000391CFE /* Number_SystemUITests.swift */ = {isa = PBXFileReference; lastKnownFileType = sourcecode.swift; path = Number_SystemUITests.swift; sourceTree = "<group>"; };
		8CFA0F441F6679B000391CFE /* Info.plist */ = {isa = PBXFileReference; lastKnownFileType = text.plist.xml; path = Info.plist; sourceTree = "<group>"; };
		8CFA0F541F68295200391CFE /* ViewController3.swift */ = {isa = PBXFileReference; fileEncoding = 4; lastKnownFileType = sourcecode.swift; name = ViewController3.swift; path = ../ViewController3.swift; sourceTree = "<group>"; };
		8CFA0F561F682EE800391CFE /* ViewController4.swift */ = {isa = PBXFileReference; fileEncoding = 4; lastKnownFileType = sourcecode.swift; path = ViewController4.swift; sourceTree = "<group>"; };
		8CFA0F5E1F684D9500391CFE /* ViewController6.swift */ = {isa = PBXFileReference; fileEncoding = 4; lastKnownFileType = sourcecode.swift; name = ViewController6.swift; path = ../ViewController6.swift; sourceTree = "<group>"; };
		8CFA0F641F69604A00391CFE /* ViewController2.swift */ = {isa = PBXFileReference; fileEncoding = 4; lastKnownFileType = sourcecode.swift; name = ViewController2.swift; path = ../ViewController2.swift; sourceTree = "<group>"; };
		8CFA0F661F69A78B00391CFE /* ViewController5.swift */ = {isa = PBXFileReference; fileEncoding = 4; lastKnownFileType = sourcecode.swift; name = ViewController5.swift; path = ../ViewController5.swift; sourceTree = "<group>"; };
		8CFA0F681F6A834700391CFE /* ViewController8.swift */ = {isa = PBXFileReference; fileEncoding = 4; lastKnownFileType = sourcecode.swift; path = ViewController8.swift; sourceTree = "<group>"; };
		8CFA0F6A1F6D158300391CFE /* ViewController9.swift */ = {isa = PBXFileReference; fileEncoding = 4; lastKnownFileType = sourcecode.swift; path = ViewController9.swift; sourceTree = "<group>"; };
		8CFA0F6C1F6E788200391CFE /* ViewController10.swift */ = {isa = PBXFileReference; fileEncoding = 4; lastKnownFileType = sourcecode.swift; path = ViewController10.swift; sourceTree = "<group>"; };
		8CFA0F6E1F71336D00391CFE /* ViewController11.swift */ = {isa = PBXFileReference; fileEncoding = 4; lastKnownFileType = sourcecode.swift; path = ViewController11.swift; sourceTree = "<group>"; };
/* End PBXFileReference section */

/* Begin PBXFrameworksBuildPhase section */
		8CFA0F1C1F6679B000391CFE /* Frameworks */ = {
			isa = PBXFrameworksBuildPhase;
			buildActionMask = 2147483647;
			files = (
			);
			runOnlyForDeploymentPostprocessing = 0;
		};
		8CFA0F301F6679B000391CFE /* Frameworks */ = {
			isa = PBXFrameworksBuildPhase;
			buildActionMask = 2147483647;
			files = (
			);
			runOnlyForDeploymentPostprocessing = 0;
		};
		8CFA0F3B1F6679B000391CFE /* Frameworks */ = {
			isa = PBXFrameworksBuildPhase;
			buildActionMask = 2147483647;
			files = (
			);
			runOnlyForDeploymentPostprocessing = 0;
		};
/* End PBXFrameworksBuildPhase section */

/* Begin PBXGroup section */
		8CFA0F161F6679B000391CFE = {
			isa = PBXGroup;
			children = (
				8CFA0F211F6679B000391CFE /* Number System */,
				8CFA0F361F6679B000391CFE /* Number SystemTests */,
				8CFA0F411F6679B000391CFE /* Number SystemUITests */,
				8CFA0F201F6679B000391CFE /* Products */,
			);
			sourceTree = "<group>";
		};
		8CFA0F201F6679B000391CFE /* Products */ = {
			isa = PBXGroup;
			children = (
				8CFA0F1F1F6679B000391CFE /* Number System.app */,
				8CFA0F331F6679B000391CFE /* Number SystemTests.xctest */,
				8CFA0F3E1F6679B000391CFE /* Number SystemUITests.xctest */,
			);
			name = Products;
			sourceTree = "<group>";
		};
		8CFA0F211F6679B000391CFE /* Number System */ = {
			isa = PBXGroup;
			children = (
				8CFA0F221F6679B000391CFE /* AppDelegate.swift */,
				8CFA0F261F6679B000391CFE /* Main.storyboard */,
				8CFA0F6E1F71336D00391CFE /* ViewController11.swift */,
				8CFA0F6C1F6E788200391CFE /* ViewController10.swift */,
				8CFA0F6A1F6D158300391CFE /* ViewController9.swift */,
				8CFA0F241F6679B000391CFE /* ViewController.swift */,
				8CFA0F641F69604A00391CFE /* ViewController2.swift */,
				8CFA0F541F68295200391CFE /* ViewController3.swift */,
				8CFA0F561F682EE800391CFE /* ViewController4.swift */,
				8CFA0F661F69A78B00391CFE /* ViewController5.swift */,
				8CFA0F5E1F684D9500391CFE /* ViewController6.swift */,
				8CFA0F681F6A834700391CFE /* ViewController8.swift */,
				8CFA0F291F6679B000391CFE /* Assets.xcassets */,
				8CFA0F2B1F6679B000391CFE /* LaunchScreen.storyboard */,
				8CFA0F2E1F6679B000391CFE /* Info.plist */,
			);
			path = "Number System";
			sourceTree = "<group>";
		};
		8CFA0F361F6679B000391CFE /* Number SystemTests */ = {
			isa = PBXGroup;
			children = (
				8CFA0F371F6679B000391CFE /* Number_SystemTests.swift */,
				8CFA0F391F6679B000391CFE /* Info.plist */,
			);
			path = "Number SystemTests";
			sourceTree = "<group>";
		};
		8CFA0F411F6679B000391CFE /* Number SystemUITests */ = {
			isa = PBXGroup;
			children = (
				8CFA0F421F6679B000391CFE /* Number_SystemUITests.swift */,
				8CFA0F441F6679B000391CFE /* Info.plist */,
			);
			path = "Number SystemUITests";
			sourceTree = "<group>";
		};
/* End PBXGroup section */

/* Begin PBXNativeTarget section */
		8CFA0F1E1F6679B000391CFE /* Number System */ = {
			isa = PBXNativeTarget;
			buildConfigurationList = 8CFA0F471F6679B000391CFE /* Build configuration list for PBXNativeTarget "Number System" */;
			buildPhases = (
				8CFA0F1B1F6679B000391CFE /* Sources */,
				8CFA0F1C1F6679B000391CFE /* Frameworks */,
				8CFA0F1D1F6679B000391CFE /* Resources */,
			);
			buildRules = (
			);
			dependencies = (
			);
			name = "Number System";
			productName = "Number System";
			productReference = 8CFA0F1F1F6679B000391CFE /* Number System.app */;
			productType = "com.apple.product-type.application";
		};
		8CFA0F321F6679B000391CFE /* Number SystemTests */ = {
			isa = PBXNativeTarget;
			buildConfigurationList = 8CFA0F4A1F6679B000391CFE /* Build configuration list for PBXNativeTarget "Number SystemTests" */;
			buildPhases = (
				8CFA0F2F1F6679B000391CFE /* Sources */,
				8CFA0F301F6679B000391CFE /* Frameworks */,
				8CFA0F311F6679B000391CFE /* Resources */,
			);
			buildRules = (
			);
			dependencies = (
				8CFA0F351F6679B000391CFE /* PBXTargetDependency */,
			);
			name = "Number SystemTests";
			productName = "Number SystemTests";
			productReference = 8CFA0F331F6679B000391CFE /* Number SystemTests.xctest */;
			productType = "com.apple.product-type.bundle.unit-test";
		};
		8CFA0F3D1F6679B000391CFE /* Number SystemUITests */ = {
			isa = PBXNativeTarget;
			buildConfigurationList = 8CFA0F4D1F6679B000391CFE /* Build configuration list for PBXNativeTarget "Number SystemUITests" */;
			buildPhases = (
				8CFA0F3A1F6679B000391CFE /* Sources */,
				8CFA0F3B1F6679B000391CFE /* Frameworks */,
				8CFA0F3C1F6679B000391CFE /* Resources */,
			);
			buildRules = (
			);
			dependencies = (
				8CFA0F401F6679B000391CFE /* PBXTargetDependency */,
			);
			name = "Number SystemUITests";
			productName = "Number SystemUITests";
			productReference = 8CFA0F3E1F6679B000391CFE /* Number SystemUITests.xctest */;
			productType = "com.apple.product-type.bundle.ui-testing";
		};
/* End PBXNativeTarget section */

/* Begin PBXProject section */
		8CFA0F171F6679B000391CFE /* Project object */ = {
			isa = PBXProject;
			attributes = {
				LastSwiftUpdateCheck = 0830;
				LastUpgradeCheck = 0830;
				ORGANIZATIONNAME = "Anthony Ford";
				TargetAttributes = {
					8CFA0F1E1F6679B000391CFE = {
						CreatedOnToolsVersion = 8.3.3;
						ProvisioningStyle = Automatic;
					};
					8CFA0F321F6679B000391CFE = {
						CreatedOnToolsVersion = 8.3.3;
						ProvisioningStyle = Automatic;
						TestTargetID = 8CFA0F1E1F6679B000391CFE;
					};
					8CFA0F3D1F6679B000391CFE = {
						CreatedOnToolsVersion = 8.3.3;
						ProvisioningStyle = Automatic;
						TestTargetID = 8CFA0F1E1F6679B000391CFE;
					};
				};
			};
			buildConfigurationList = 8CFA0F1A1F6679B000391CFE /* Build configuration list for PBXProject "Number System" */;
			compatibilityVersion = "Xcode 3.2";
			developmentRegion = English;
			hasScannedForEncodings = 0;
			knownRegions = (
				en,
				Base,
			);
			mainGroup = 8CFA0F161F6679B000391CFE;
			productRefGroup = 8CFA0F201F6679B000391CFE /* Products */;
			projectDirPath = "";
			projectRoot = "";
			targets = (
				8CFA0F1E1F6679B000391CFE /* Number System */,
				8CFA0F321F6679B000391CFE /* Number SystemTests */,
				8CFA0F3D1F6679B000391CFE /* Number SystemUITests */,
			);
		};
/* End PBXProject section */

/* Begin PBXResourcesBuildPhase section */
		8CFA0F1D1F6679B000391CFE /* Resources */ = {
			isa = PBXResourcesBuildPhase;
			buildActionMask = 2147483647;
			files = (
				8CFA0F2D1F6679B000391CFE /* LaunchScreen.storyboard in Resources */,
				8CFA0F2A1F6679B000391CFE /* Assets.xcassets in Resources */,
				8CFA0F281F6679B000391CFE /* Main.storyboard in Resources */,
			);
			runOnlyForDeploymentPostprocessing = 0;
		};
		8CFA0F311F6679B000391CFE /* Resources */ = {
			isa = PBXResourcesBuildPhase;
			buildActionMask = 2147483647;
			files = (
			);
			runOnlyForDeploymentPostprocessing = 0;
		};
		8CFA0F3C1F6679B000391CFE /* Resources */ = {
			isa = PBXResourcesBuildPhase;
			buildActionMask = 2147483647;
			files = (
			);
			runOnlyForDeploymentPostprocessing = 0;
		};
/* End PBXResourcesBuildPhase section */

/* Begin PBXSourcesBuildPhase section */
		8CFA0F1B1F6679B000391CFE /* Sources */ = {
			isa = PBXSourcesBuildPhase;
			buildActionMask = 2147483647;
			files = (
				8CFA0F251F6679B000391CFE /* ViewController.swift in Sources */,
				8CFA0F6D1F6E788200391CFE /* ViewController10.swift in Sources */,
				8CFA0F651F69604A00391CFE /* ViewController2.swift in Sources */,
				8CFA0F231F6679B000391CFE /* AppDelegate.swift in Sources */,
				8CFA0F551F68295200391CFE /* ViewController3.swift in Sources */,
				8CFA0F671F69A78B00391CFE /* ViewController5.swift in Sources */,
				8CFA0F5F1F684D9500391CFE /* ViewController6.swift in Sources */,
				8CFA0F571F682EE800391CFE /* ViewController4.swift in Sources */,
				8CFA0F691F6A834700391CFE /* ViewController8.swift in Sources */,
				8CFA0F6F1F71336D00391CFE /* ViewController11.swift in Sources */,
				8CFA0F6B1F6D158400391CFE /* ViewController9.swift in Sources */,
			);
			runOnlyForDeploymentPostprocessing = 0;
		};
		8CFA0F2F1F6679B000391CFE /* Sources */ = {
			isa = PBXSourcesBuildPhase;
			buildActionMask = 2147483647;
			files = (
				8CFA0F381F6679B000391CFE /* Number_SystemTests.swift in Sources */,
			);
			runOnlyForDeploymentPostprocessing = 0;
		};
		8CFA0F3A1F6679B000391CFE /* Sources */ = {
			isa = PBXSourcesBuildPhase;
			buildActionMask = 2147483647;
			files = (
				8CFA0F431F6679B000391CFE /* Number_SystemUITests.swift in Sources */,
			);
			runOnlyForDeploymentPostprocessing = 0;
		};
/* End PBXSourcesBuildPhase section */

/* Begin PBXTargetDependency section */
		8CFA0F351F6679B000391CFE /* PBXTargetDependency */ = {
			isa = PBXTargetDependency;
			target = 8CFA0F1E1F6679B000391CFE /* Number System */;
			targetProxy = 8CFA0F341F6679B000391CFE /* PBXContainerItemProxy */;
		};
		8CFA0F401F6679B000391CFE /* PBXTargetDependency */ = {
			isa = PBXTargetDependency;
			target = 8CFA0F1E1F6679B000391CFE /* Number System */;
			targetProxy = 8CFA0F3F1F6679B000391CFE /* PBXContainerItemProxy */;
		};
/* End PBXTargetDependency section */

/* Begin PBXVariantGroup section */
		8CFA0F261F6679B000391CFE /* Main.storyboard */ = {
			isa = PBXVariantGroup;
			children = (
				8CFA0F271F6679B000391CFE /* Base */,
			);
			name = Main.storyboard;
			sourceTree = "<group>";
		};
		8CFA0F2B1F6679B000391CFE /* LaunchScreen.storyboard */ = {
			isa = PBXVariantGroup;
			children = (
				8CFA0F2C1F6679B000391CFE /* Base */,
			);
			name = LaunchScreen.storyboard;
			sourceTree = "<group>";
		};
/* End PBXVariantGroup section */

/* Begin XCBuildConfiguration section */
		8CFA0F451F6679B000391CFE /* Debug */ = {
			isa = XCBuildConfiguration;
			buildSettings = {
				ALWAYS_SEARCH_USER_PATHS = NO;
				CLANG_ANALYZER_NONNULL = YES;
				CLANG_ANALYZER_NUMBER_OBJECT_CONVERSION = YES_AGGRESSIVE;
				CLANG_CXX_LANGUAGE_STANDARD = "gnu++0x";
				CLANG_CXX_LIBRARY = "libc++";
				CLANG_ENABLE_MODULES = YES;
				CLANG_ENABLE_OBJC_ARC = YES;
				CLANG_WARN_BOOL_CONVERSION = YES;
				CLANG_WARN_CONSTANT_CONVERSION = YES;
				CLANG_WARN_DIRECT_OBJC_ISA_USAGE = YES_ERROR;
				CLANG_WARN_DOCUMENTATION_COMMENTS = YES;
				CLANG_WARN_EMPTY_BODY = YES;
				CLANG_WARN_ENUM_CONVERSION = YES;
				CLANG_WARN_INFINITE_RECURSION = YES;
				CLANG_WARN_INT_CONVERSION = YES;
				CLANG_WARN_OBJC_ROOT_CLASS = YES_ERROR;
				CLANG_WARN_SUSPICIOUS_MOVE = YES;
				CLANG_WARN_UNREACHABLE_CODE = YES;
				CLANG_WARN__DUPLICATE_METHOD_MATCH = YES;
				"CODE_SIGN_IDENTITY[sdk=iphoneos*]" = "iPhone Developer";
				COPY_PHASE_STRIP = NO;
				DEBUG_INFORMATION_FORMAT = dwarf;
				ENABLE_STRICT_OBJC_MSGSEND = YES;
				ENABLE_TESTABILITY = YES;
				GCC_C_LANGUAGE_STANDARD = gnu99;
				GCC_DYNAMIC_NO_PIC = NO;
				GCC_NO_COMMON_BLOCKS = YES;
				GCC_OPTIMIZATION_LEVEL = 0;
				GCC_PREPROCESSOR_DEFINITIONS = (
					"DEBUG=1",
					"$(inherited)",
				);
				GCC_WARN_64_TO_32_BIT_CONVERSION = YES;
				GCC_WARN_ABOUT_RETURN_TYPE = YES_ERROR;
				GCC_WARN_UNDECLARED_SELECTOR = YES;
				GCC_WARN_UNINITIALIZED_AUTOS = YES_AGGRESSIVE;
				GCC_WARN_UNUSED_FUNCTION = YES;
				GCC_WARN_UNUSED_VARIABLE = YES;
				IPHONEOS_DEPLOYMENT_TARGET = 10.3;
				MTL_ENABLE_DEBUG_INFO = YES;
				ONLY_ACTIVE_ARCH = YES;
				SDKROOT = iphoneos;
				SWIFT_ACTIVE_COMPILATION_CONDITIONS = DEBUG;
				SWIFT_OPTIMIZATION_LEVEL = "-Onone";
				TARGETED_DEVICE_FAMILY = "1,2";
			};
			name = Debug;
		};
		8CFA0F461F6679B000391CFE /* Release */ = {
			isa = XCBuildConfiguration;
			buildSettings = {
				ALWAYS_SEARCH_USER_PATHS = NO;
				CLANG_ANALYZER_NONNULL = YES;
				CLANG_ANALYZER_NUMBER_OBJECT_CONVERSION = YES_AGGRESSIVE;
				CLANG_CXX_LANGUAGE_STANDARD = "gnu++0x";
				CLANG_CXX_LIBRARY = "libc++";
				CLANG_ENABLE_MODULES = YES;
				CLANG_ENABLE_OBJC_ARC = YES;
				CLANG_WARN_BOOL_CONVERSION = YES;
				CLANG_WARN_CONSTANT_CONVERSION = YES;
				CLANG_WARN_DIRECT_OBJC_ISA_USAGE = YES_ERROR;
				CLANG_WARN_DOCUMENTATION_COMMENTS = YES;
				CLANG_WARN_EMPTY_BODY = YES;
				CLANG_WARN_ENUM_CONVERSION = YES;
				CLANG_WARN_INFINITE_RECURSION = YES;
				CLANG_WARN_INT_CONVERSION = YES;
				CLANG_WARN_OBJC_ROOT_CLASS = YES_ERROR;
				CLANG_WARN_SUSPICIOUS_MOVE = YES;
				CLANG_WARN_UNREACHABLE_CODE = YES;
				CLANG_WARN__DUPLICATE_METHOD_MATCH = YES;
				"CODE_SIGN_IDENTITY[sdk=iphoneos*]" = "iPhone Developer";
				COPY_PHASE_STRIP = NO;
				DEBUG_INFORMATION_FORMAT = "dwarf-with-dsym";
				ENABLE_NS_ASSERTIONS = NO;
				ENABLE_STRICT_OBJC_MSGSEND = YES;
				GCC_C_LANGUAGE_STANDARD = gnu99;
				GCC_NO_COMMON_BLOCKS = YES;
				GCC_WARN_64_TO_32_BIT_CONVERSION = YES;
				GCC_WARN_ABOUT_RETURN_TYPE = YES_ERROR;
				GCC_WARN_UNDECLARED_SELECTOR = YES;
				GCC_WARN_UNINITIALIZED_AUTOS = YES_AGGRESSIVE;
				GCC_WARN_UNUSED_FUNCTION = YES;
				GCC_WARN_UNUSED_VARIABLE = YES;
				IPHONEOS_DEPLOYMENT_TARGET = 10.3;
				MTL_ENABLE_DEBUG_INFO = NO;
				SDKROOT = iphoneos;
				SWIFT_OPTIMIZATION_LEVEL = "-Owholemodule";
				TARGETED_DEVICE_FAMILY = "1,2";
				VALIDATE_PRODUCT = YES;
			};
			name = Release;
		};
		8CFA0F481F6679B000391CFE /* Debug */ = {
			isa = XCBuildConfiguration;
			buildSettings = {
				ASSETCATALOG_COMPILER_APPICON_NAME = AppIcon;
				INFOPLIST_FILE = "Number System/Info.plist";
				LD_RUNPATH_SEARCH_PATHS = "$(inherited) @executable_path/Frameworks";
				PRODUCT_BUNDLE_IDENTIFIER = "eton.com.Number-System";
				PRODUCT_NAME = "$(TARGET_NAME)";
				SWIFT_VERSION = 3.0;
			};
			name = Debug;
		};
		8CFA0F491F6679B000391CFE /* Release */ = {
			isa = XCBuildConfiguration;
			buildSettings = {
				ASSETCATALOG_COMPILER_APPICON_NAME = AppIcon;
				INFOPLIST_FILE = "Number System/Info.plist";
				LD_RUNPATH_SEARCH_PATHS = "$(inherited) @executable_path/Frameworks";
				PRODUCT_BUNDLE_IDENTIFIER = "eton.com.Number-System";
				PRODUCT_NAME = "$(TARGET_NAME)";
				SWIFT_VERSION = 3.0;
			};
			name = Release;
		};
		8CFA0F4B1F6679B000391CFE /* Debug */ = {
			isa = XCBuildConfiguration;
			buildSettings = {
				ALWAYS_EMBED_SWIFT_STANDARD_LIBRARIES = YES;
				BUNDLE_LOADER = "$(TEST_HOST)";
				INFOPLIST_FILE = "Number SystemTests/Info.plist";
				LD_RUNPATH_SEARCH_PATHS = "$(inherited) @executable_path/Frameworks @loader_path/Frameworks";
				PRODUCT_BUNDLE_IDENTIFIER = "eton.com.Number-SystemTests";
				PRODUCT_NAME = "$(TARGET_NAME)";
				SWIFT_VERSION = 3.0;
				TEST_HOST = "$(BUILT_PRODUCTS_DIR)/Number System.app/Number System";
			};
			name = Debug;
		};
		8CFA0F4C1F6679B000391CFE /* Release */ = {
			isa = XCBuildConfiguration;
			buildSettings = {
				ALWAYS_EMBED_SWIFT_STANDARD_LIBRARIES = YES;
				BUNDLE_LOADER = "$(TEST_HOST)";
				INFOPLIST_FILE = "Number SystemTests/Info.plist";
				LD_RUNPATH_SEARCH_PATHS = "$(inherited) @executable_path/Frameworks @loader_path/Frameworks";
				PRODUCT_BUNDLE_IDENTIFIER = "eton.com.Number-SystemTests";
				PRODUCT_NAME = "$(TARGET_NAME)";
				SWIFT_VERSION = 3.0;
				TEST_HOST = "$(BUILT_PRODUCTS_DIR)/Number System.app/Number System";
			};
			name = Release;
		};
		8CFA0F4E1F6679B000391CFE /* Debug */ = {
			isa = XCBuildConfiguration;
			buildSettings = {
				ALWAYS_EMBED_SWIFT_STANDARD_LIBRARIES = YES;
				INFOPLIST_FILE = "Number SystemUITests/Info.plist";
				LD_RUNPATH_SEARCH_PATHS = "$(inherited) @executable_path/Frameworks @loader_path/Frameworks";
				PRODUCT_BUNDLE_IDENTIFIER = "eton.com.Number-SystemUITests";
				PRODUCT_NAME = "$(TARGET_NAME)";
				SWIFT_VERSION = 3.0;
				TEST_TARGET_NAME = "Number System";
			};
			name = Debug;
		};
		8CFA0F4F1F6679B000391CFE /* Release */ = {
			isa = XCBuildConfiguration;
			buildSettings = {
				ALWAYS_EMBED_SWIFT_STANDARD_LIBRARIES = YES;
				INFOPLIST_FILE = "Number SystemUITests/Info.plist";
				LD_RUNPATH_SEARCH_PATHS = "$(inherited) @executable_path/Frameworks @loader_path/Frameworks";
				PRODUCT_BUNDLE_IDENTIFIER = "eton.com.Number-SystemUITests";
				PRODUCT_NAME = "$(TARGET_NAME)";
				SWIFT_VERSION = 3.0;
				TEST_TARGET_NAME = "Number System";
			};
			name = Release;
		};
/* End XCBuildConfiguration section */

/* Begin XCConfigurationList section */
		8CFA0F1A1F6679B000391CFE /* Build configuration list for PBXProject "Number System" */ = {
			isa = XCConfigurationList;
			buildConfigurations = (
				8CFA0F451F6679B000391CFE /* Debug */,
				8CFA0F461F6679B000391CFE /* Release */,
			);
			defaultConfigurationIsVisible = 0;
			defaultConfigurationName = Release;
		};
		8CFA0F471F6679B000391CFE /* Build configuration list for PBXNativeTarget "Number System" */ = {
			isa = XCConfigurationList;
			buildConfigurations = (
				8CFA0F481F6679B000391CFE /* Debug */,
				8CFA0F491F6679B000391CFE /* Release */,
			);
			defaultConfigurationIsVisible = 0;
			defaultConfigurationName = Release;
		};
		8CFA0F4A1F6679B000391CFE /* Build configuration list for PBXNativeTarget "Number SystemTests" */ = {
			isa = XCConfigurationList;
			buildConfigurations = (
				8CFA0F4B1F6679B000391CFE /* Debug */,
				8CFA0F4C1F6679B000391CFE /* Release */,
			);
			defaultConfigurationIsVisible = 0;
			defaultConfigurationName = Release;
		};
		8CFA0F4D1F6679B000391CFE /* Build configuration list for PBXNativeTarget "Number SystemUITests" */ = {
			isa = XCConfigurationList;
			buildConfigurations = (
				8CFA0F4E1F6679B000391CFE /* Debug */,
				8CFA0F4F1F6679B000391CFE /* Release */,
			);
			defaultConfigurationIsVisible = 0;
			defaultConfigurationName = Release;
		};
/* End XCConfigurationList section */
	};
	rootObject = 8CFA0F171F6679B000391CFE /* Project object */;
}
